PODS:
  - AFNetworking (3.1.0):
    - AFNetworking/NSURLSession (= 3.1.0)
    - AFNetworking/Reachability (= 3.1.0)
    - AFNetworking/Security (= 3.1.0)
    - AFNetworking/Serialization (= 3.1.0)
    - AFNetworking/UIKit (= 3.1.0)
  - AFNetworking/NSURLSession (3.1.0):
    - AFNetworking/Reachability
    - AFNetworking/Security
    - AFNetworking/Serialization
  - AFNetworking/Reachability (3.1.0)
  - AFNetworking/Security (3.1.0)
  - AFNetworking/Serialization (3.1.0)
  - AFNetworking/UIKit (3.1.0):
    - AFNetworking/NSURLSession
  - AGEmojiKeyboard (0.2.1)
  - FMDB (2.6.2):
    - FMDB/standard (= 2.6.2)
  - FMDB/standard (2.6.2)
  - LoremIpsum (1.0.0)
  - LxGridView (1.0.0)
  - Masonry (1.0.2)
  - MBProgressHUD (1.0.0)
  - MJExtension (3.0.13)
  - MJRefresh (3.1.12)
  - SDWebImage (3.7.6):
    - SDWebImage/Core (= 3.7.6)
  - SDWebImage/Core (3.7.6)
  - SlackTextViewController (1.9.5)
  - TZImagePickerController (1.7.9)
  - UMengAnalytics-NO-IDFA (4.2.5)
  - UMengUShare/Core (6.4.3):
    - UMengUShare/Network
  - UMengUShare/Network (6.4.3)
  - UMengUShare/Social/QQ (6.4.3):
    - UMengUShare/Core
    - UMengUShare/Social/ReducedQQ
  - UMengUShare/Social/ReducedQQ (6.4.3):
    - UMengUShare/Core
  - UMengUShare/Social/ReducedSina (6.4.3):
    - UMengUShare/Core
  - UMengUShare/Social/ReducedWeChat (6.4.3):
    - UMengUShare/Core
  - UMengUShare/Social/Sina (6.4.3):
    - UMengUShare/Core
    - UMengUShare/Social/ReducedSina
  - UMengUShare/Social/WeChat (6.4.3):
    - UMengUShare/Core
    - UMengUShare/Social/ReducedWeChat
  - UMengUShare/UI (6.4.3):
    - UMengUShare/Core

DEPENDENCIES:
  - AFNetworking
  - AGEmojiKeyboard
  - FMDB
  - LoremIpsum (~> 1.0)
  - LxGridView
  - Masonry
  - MBProgressHUD
  - MJExtension
  - MJRefresh
  - SDWebImage (~> 3.7.2)
  - SlackTextViewController
  - TZImagePickerController
  - UMengAnalytics-NO-IDFA
  - UMengUShare/Social/QQ
  - UMengUShare/Social/Sina
  - UMengUShare/Social/WeChat
  - UMengUShare/UI

SPEC CHECKSUMS:
  AFNetworking: 5e0e199f73d8626b11e79750991f5d173d1f8b67
  AGEmojiKeyboard: d5a01a4b0de30e1f1c2a121503ac36a79c7217ab
  FMDB: 854a0341b4726e53276f2a8996f06f1b80f9259a
  LoremIpsum: 9029c55d36501b2ee0b05cc9ecda11d3a0479160
  LxGridView: af7b9360cce8eec2bcb11aa9d3cb7b9674372b74
  Masonry: 7c429b56da9d4ee0bbb3ed77a5ea710d6a5df39e
  MBProgressHUD: 4890f671c94e8a0f3cf959aa731e9de2f036d71a
  MJExtension: 5932755f451458eefa24239358817f8d291240c7
  MJRefresh: b96cdb21c4aa75a7b07654311ab2f315c497e806
  SDWebImage: c325cf02c30337336b95beff20a13df489ec0ec9
  SlackTextViewController: fbcdadbb8090673f604484ff5b6eb8d77baed42a
  TZImagePickerController: 0a8ff228d287ebdd7d485e8c42a2a932894f1fba
  UMengAnalytics-NO-IDFA: 16666e32edce5be44ae5b14aaaa7f3582e09d6ab
  UMengUShare: d39cb682598df87ebdd3c055d03d00eb0102d42c

PODFILE CHECKSUM: 6e3bf835826e41e7fd1f43ec16d73bf3a8cb03ef

COCOAPODS: 1.2.1
